
Microsoft Visual Studio Solution File, Format Version 12.00
# Visual Studio Version 17
VisualStudioVersion = 17.1.32414.318
MinimumVisualStudioVersion = 10.0.40219.1
Project("{FAE04EC0-301F-11D3-BF4B-00C04F79EFBC}") = "Convertendo", "Convertendo.csproj", "{CAB784CD-3209-4097-BD14-0E26234C24F0}"
EndProject
Global
	GlobalSection(SolutionConfigurationPlatforms) = preSolution
		Debug|Any CPU = Debug|Any CPU
		Release|Any CPU = Release|Any CPU
	EndGlobalSection
	GlobalSection(ProjectConfigurationPlatforms) = postSolution
		{CAB784CD-3209-4097-BD14-0E26234C24F0}.Debug|Any CPU.ActiveCfg = Debug|Any CPU
		{CAB784CD-3209-4097-BD14-0E26234C24F0}.Debug|Any CPU.Build.0 = Debug|Any CPU
		{CAB784CD-3209-4097-BD14-0E26234C24F0}.Release|Any CPU.ActiveCfg = Release|Any CPU
		{CAB784CD-3209-4097-BD14-0E26234C24F0}.Release|Any CPU.Build.0 = Release|Any CPU
	EndGlobalSection
	GlobalSection(SolutionProperties) = preSolution
		HideSolutionNode = FALSE
	EndGlobalSection
	GlobalSection(ExtensibilityGlobals) = postSolution
		SolutionGuid = {EB932206-D963-492D-BBAF-4A2602474A68}
	EndGlobalSection
EndGlobal
